
Microsoft Visual Studio Solution File, Format Version 12.00
# Visual Studio Version 17
VisualStudioVersion = 17.14.36119.2 d17.14
MinimumVisualStudioVersion = 10.0.40219.1
Project("{FAE04EC0-301F-11D3-BF4B-00C04F79EFBC}") = "LeadingIT_SimplSharp", "LeadingIT_SimplSharp\LeadingIT_SimplSharp.csproj", "{4250336C-6ED9-4B88-AE36-AD094A91D8C2}"
EndProject
Global
	GlobalSection(SolutionConfigurationPlatforms) = preSolution
		Debug|Any CPU = Debug|Any CPU
		Release|Any CPU = Release|Any CPU
	EndGlobalSection
	GlobalSection(ProjectConfigurationPlatforms) = postSolution
		{4250336C-6ED9-4B88-AE36-AD094A91D8C2}.Debug|Any CPU.ActiveCfg = Debug|Any CPU
		{4250336C-6ED9-4B88-AE36-AD094A91D8C2}.Debug|Any CPU.Build.0 = Debug|Any CPU
		{4250336C-6ED9-4B88-AE36-AD094A91D8C2}.Release|Any CPU.ActiveCfg = Release|Any CPU
		{4250336C-6ED9-4B88-AE36-AD094A91D8C2}.Release|Any CPU.Build.0 = Release|Any CPU
	EndGlobalSection
	GlobalSection(SolutionProperties) = preSolution
		HideSolutionNode = FALSE
	EndGlobalSection
	GlobalSection(ExtensibilityGlobals) = postSolution
		SolutionGuid = {7231AF48-B0A5-4598-96A0-C9180010CC36}
	EndGlobalSection
EndGlobal
